
Microsoft Visual Studio Solution File, Format Version 12.00
# Visual Studio Version 16
VisualStudioVersion = 16.0.29519.181
MinimumVisualStudioVersion = 10.0.40219.1
Project("{FAE04EC0-301F-11D3-BF4B-00C04F79EFBC}") = "Practice_Using_Controls", "Practice_Using_Controls\Practice_Using_Controls.csproj", "{A0FAED2C-1991-4F00-85D8-E11BD0AB8371}"
EndProject
Global
	GlobalSection(SolutionConfigurationPlatforms) = preSolution
		Debug|Any CPU = Debug|Any CPU
		Release|Any CPU = Release|Any CPU
	EndGlobalSection
	GlobalSection(ProjectConfigurationPlatforms) = postSolution
		{A0FAED2C-1991-4F00-85D8-E11BD0AB8371}.Debug|Any CPU.ActiveCfg = Debug|Any CPU
		{A0FAED2C-1991-4F00-85D8-E11BD0AB8371}.Debug|Any CPU.Build.0 = Debug|Any CPU
		{A0FAED2C-1991-4F00-85D8-E11BD0AB8371}.Release|Any CPU.ActiveCfg = Release|Any CPU
		{A0FAED2C-1991-4F00-85D8-E11BD0AB8371}.Release|Any CPU.Build.0 = Release|Any CPU
	EndGlobalSection
	GlobalSection(SolutionProperties) = preSolution
		HideSolutionNode = FALSE
	EndGlobalSection
	GlobalSection(ExtensibilityGlobals) = postSolution
		SolutionGuid = {D2E652D2-5A97-46DB-BB2F-5BC7F08FDC53}
	EndGlobalSection
EndGlobal
